{
  "name": "netlify-local-plugins",
  "version": "1.0.0",
  "lockfileVersion": 2,
  "requires": true,
  "packages": {
    "": {
      "name": "netlify-local-plugins",
      "version": "1.0.0",
      "license": "MIT",
      "dependencies": {
        "netlify-plugin-submit-sitemap": "0.2.3"
      }
    },
    "node_modules/netlify-plugin-submit-sitemap": {
      "version": "0.2.3",
      "resolved": "https://registry.npmjs.org/netlify-plugin-submit-sitemap/-/netlify-plugin-submit-sitemap-0.2.3.tgz",
      "integrity": "sha512-OmRZgqCkigLcb9p7ri/gw7XecZjCH4cEh1SLUb819weT5bk2ly6PO46wbHsaZARDgM7UMmj1QzkJyjH53ECtTQ==",
      "dependencies": {
        "node-fetch": "^2.6.0"
      }
    },
    "node_modules/node-fetch": {
      "version": "2.6.1",
      "resolved": "https://registry.npmjs.org/node-fetch/-/node-fetch-2.6.1.tgz",
      "integrity": "sha512-V4aYg89jEoVRxRb2fJdAg8FHvI7cEyYdVAh94HH0UIK8oJxUfkjlDQN9RbMx+bEjP7+ggMiFRprSti032Oipxw==",
      "engines": {
        "node": "4.x || >=6.0.0"
      }
    }
  },
  "dependencies": {
    "netlify-plugin-submit-sitemap": {
      "version": "0.2.3",
      "resolved": "https://registry.npmjs.org/netlify-plugin-submit-sitemap/-/netlify-plugin-submit-sitemap-0.2.3.tgz",
      "integrity": "sha512-OmRZgqCkigLcb9p7ri/gw7XecZjCH4cEh1SLUb819weT5bk2ly6PO46wbHsaZARDgM7UMmj1QzkJyjH53ECtTQ==",
      "requires": {
        "node-fetch": "^2.6.0"
      }
    },
    "node-fetch": {
      "version": "2.6.1",
      "resolved": "https://registry.npmjs.org/node-fetch/-/node-fetch-2.6.1.tgz",
      "integrity": "sha512-V4aYg89jEoVRxRb2fJdAg8FHvI7cEyYdVAh94HH0UIK8oJxUfkjlDQN9RbMx+bEjP7+ggMiFRprSti032Oipxw=="
    }
  }
}
